
Microsoft Visual Studio Solution File, Format Version 12.00
# Visual Studio Version 17
VisualStudioVersion = 17.4.33403.182
MinimumVisualStudioVersion = 10.0.40219.1
Project("{FAE04EC0-301F-11D3-BF4B-00C04F79EFBC}") = "Abas.Android", "Abas\Abas.Android\Abas.Android.csproj", "{A59D7021-DFC5-460B-9DF5-0C350704392D}"
EndProject
Project("{FAE04EC0-301F-11D3-BF4B-00C04F79EFBC}") = "Abas", "Abas\Abas\Abas.csproj", "{9E5121C4-9D6F-405B-930F-503C82497DF1}"
EndProject
Global
	GlobalSection(SolutionConfigurationPlatforms) = preSolution
		Debug|Any CPU = Debug|Any CPU
		Release|Any CPU = Release|Any CPU
	EndGlobalSection
	GlobalSection(ProjectConfigurationPlatforms) = postSolution
		{A59D7021-DFC5-460B-9DF5-0C350704392D}.Debug|Any CPU.ActiveCfg = Debug|Any CPU
		{A59D7021-DFC5-460B-9DF5-0C350704392D}.Debug|Any CPU.Build.0 = Debug|Any CPU
		{A59D7021-DFC5-460B-9DF5-0C350704392D}.Debug|Any CPU.Deploy.0 = Debug|Any CPU
		{A59D7021-DFC5-460B-9DF5-0C350704392D}.Release|Any CPU.ActiveCfg = Release|Any CPU
		{A59D7021-DFC5-460B-9DF5-0C350704392D}.Release|Any CPU.Build.0 = Release|Any CPU
		{A59D7021-DFC5-460B-9DF5-0C350704392D}.Release|Any CPU.Deploy.0 = Release|Any CPU
		{9E5121C4-9D6F-405B-930F-503C82497DF1}.Debug|Any CPU.ActiveCfg = Debug|Any CPU
		{9E5121C4-9D6F-405B-930F-503C82497DF1}.Debug|Any CPU.Build.0 = Debug|Any CPU
		{9E5121C4-9D6F-405B-930F-503C82497DF1}.Debug|Any CPU.Deploy.0 = Debug|Any CPU
		{9E5121C4-9D6F-405B-930F-503C82497DF1}.Release|Any CPU.ActiveCfg = Release|Any CPU
		{9E5121C4-9D6F-405B-930F-503C82497DF1}.Release|Any CPU.Build.0 = Release|Any CPU
		{9E5121C4-9D6F-405B-930F-503C82497DF1}.Release|Any CPU.Deploy.0 = Release|Any CPU
	EndGlobalSection
	GlobalSection(SolutionProperties) = preSolution
		HideSolutionNode = FALSE
	EndGlobalSection
	GlobalSection(ExtensibilityGlobals) = postSolution
		SolutionGuid = {76AADFB9-35EC-47F3-AED9-7E6D7FA5B9B6}
	EndGlobalSection
EndGlobal
